
Microsoft Visual Studio Solution File, Format Version 12.00
# Visual Studio Version 17
VisualStudioVersion = 17.11.35312.102
MinimumVisualStudioVersion = 10.0.40219.1
Project("{9A19103F-16F7-4668-BE54-9A1E7A4F7556}") = "EfDemo.Api", "EfDemo.Api\EfDemo.Api.csproj", "{BD2CE44E-7864-40DF-BD53-E5753B46DCCD}"
EndProject
Project("{9A19103F-16F7-4668-BE54-9A1E7A4F7556}") = "EfDemo.Domain", "EfDemo.Domain\EfDemo.Domain.csproj", "{AFC68016-E710-45CC-B3C6-0FF5242984E4}"
EndProject
Project("{9A19103F-16F7-4668-BE54-9A1E7A4F7556}") = "EfDemo.Infrastructure", "EfDemo.Infrastructure\EfDemo.Infrastructure.csproj", "{5A34E1A6-2E00-417A-8B52-13AF47CCD935}"
EndProject
Project("{9A19103F-16F7-4668-BE54-9A1E7A4F7556}") = "EfDemo.SharedKernel", "EfDemo.SharedKernel\EfDemo.SharedKernel.csproj", "{C0FC9E12-B94C-4C8C-8404-F12FE4CA4F32}"
EndProject
Project("{2150E333-8FDC-42A3-9474-1A3956D46DE8}") = "Solution Items", "Solution Items", "{6EF2846D-87F9-4558-90F9-579DB900FD23}"
	ProjectSection(SolutionItems) = preProject
		.editorconfig = .editorconfig
		IgnoredWords.dic = IgnoredWords.dic
	EndProjectSection
EndProject
Global
	GlobalSection(SolutionConfigurationPlatforms) = preSolution
		Debug|Any CPU = Debug|Any CPU
		Release|Any CPU = Release|Any CPU
	EndGlobalSection
	GlobalSection(ProjectConfigurationPlatforms) = postSolution
		{BD2CE44E-7864-40DF-BD53-E5753B46DCCD}.Debug|Any CPU.ActiveCfg = Debug|Any CPU
		{BD2CE44E-7864-40DF-BD53-E5753B46DCCD}.Debug|Any CPU.Build.0 = Debug|Any CPU
		{BD2CE44E-7864-40DF-BD53-E5753B46DCCD}.Release|Any CPU.ActiveCfg = Release|Any CPU
		{BD2CE44E-7864-40DF-BD53-E5753B46DCCD}.Release|Any CPU.Build.0 = Release|Any CPU
		{AFC68016-E710-45CC-B3C6-0FF5242984E4}.Debug|Any CPU.ActiveCfg = Debug|Any CPU
		{AFC68016-E710-45CC-B3C6-0FF5242984E4}.Debug|Any CPU.Build.0 = Debug|Any CPU
		{AFC68016-E710-45CC-B3C6-0FF5242984E4}.Release|Any CPU.ActiveCfg = Release|Any CPU
		{AFC68016-E710-45CC-B3C6-0FF5242984E4}.Release|Any CPU.Build.0 = Release|Any CPU
		{5A34E1A6-2E00-417A-8B52-13AF47CCD935}.Debug|Any CPU.ActiveCfg = Debug|Any CPU
		{5A34E1A6-2E00-417A-8B52-13AF47CCD935}.Debug|Any CPU.Build.0 = Debug|Any CPU
		{5A34E1A6-2E00-417A-8B52-13AF47CCD935}.Release|Any CPU.ActiveCfg = Release|Any CPU
		{5A34E1A6-2E00-417A-8B52-13AF47CCD935}.Release|Any CPU.Build.0 = Release|Any CPU
		{C0FC9E12-B94C-4C8C-8404-F12FE4CA4F32}.Debug|Any CPU.ActiveCfg = Debug|Any CPU
		{C0FC9E12-B94C-4C8C-8404-F12FE4CA4F32}.Debug|Any CPU.Build.0 = Debug|Any CPU
		{C0FC9E12-B94C-4C8C-8404-F12FE4CA4F32}.Release|Any CPU.ActiveCfg = Release|Any CPU
		{C0FC9E12-B94C-4C8C-8404-F12FE4CA4F32}.Release|Any CPU.Build.0 = Release|Any CPU
	EndGlobalSection
	GlobalSection(SolutionProperties) = preSolution
		HideSolutionNode = FALSE
	EndGlobalSection
	GlobalSection(ExtensibilityGlobals) = postSolution
		SolutionGuid = {8447849F-09B8-4135-9097-BF4049667D88}
	EndGlobalSection
EndGlobal
